
Microsoft Visual Studio Solution File, Format Version 12.00
# Visual Studio Version 17
VisualStudioVersion = 17.0.32014.148
MinimumVisualStudioVersion = 10.0.40219.1
Project("{FAE04EC0-301F-11D3-BF4B-00C04F79EFBC}") = "DapperOperations", "DapperOperations.csproj", "{7EEA13C5-0538-422F-BBD5-E8C17E702C4F}"
EndProject
Project("{FAE04EC0-301F-11D3-BF4B-00C04F79EFBC}") = "DapperOprations.Test", "..\DapperOprations.Test\DapperOprations.Test.csproj", "{A9A84277-A0F6-400B-A11D-327F2324D5F3}"
EndProject
Global
	GlobalSection(SolutionConfigurationPlatforms) = preSolution
		Debug|Any CPU = Debug|Any CPU
		Release|Any CPU = Release|Any CPU
	EndGlobalSection
	GlobalSection(ProjectConfigurationPlatforms) = postSolution
		{7EEA13C5-0538-422F-BBD5-E8C17E702C4F}.Debug|Any CPU.ActiveCfg = Debug|Any CPU
		{7EEA13C5-0538-422F-BBD5-E8C17E702C4F}.Debug|Any CPU.Build.0 = Debug|Any CPU
		{7EEA13C5-0538-422F-BBD5-E8C17E702C4F}.Release|Any CPU.ActiveCfg = Release|Any CPU
		{7EEA13C5-0538-422F-BBD5-E8C17E702C4F}.Release|Any CPU.Build.0 = Release|Any CPU
		{A9A84277-A0F6-400B-A11D-327F2324D5F3}.Debug|Any CPU.ActiveCfg = Debug|Any CPU
		{A9A84277-A0F6-400B-A11D-327F2324D5F3}.Debug|Any CPU.Build.0 = Debug|Any CPU
		{A9A84277-A0F6-400B-A11D-327F2324D5F3}.Release|Any CPU.ActiveCfg = Release|Any CPU
		{A9A84277-A0F6-400B-A11D-327F2324D5F3}.Release|Any CPU.Build.0 = Release|Any CPU
	EndGlobalSection
	GlobalSection(SolutionProperties) = preSolution
		HideSolutionNode = FALSE
	EndGlobalSection
	GlobalSection(ExtensibilityGlobals) = postSolution
		SolutionGuid = {E6512CC9-367E-44E3-8FBF-A515BA5857DE}
	EndGlobalSection
EndGlobal
